// !$*UTF8*$!
{
	archiveVersion = 1;
	classes = {
	};
	objectVersion = 55;
	objects = {

/* Begin PBXBuildFile section */
		4C8CE5F0282024D700018966 /* issues.csv in Resources */ = {isa = PBXBuildFile; fileRef = 4C8CE5EF282024D700018966 /* issues.csv */; };
		4C956ABE281C262D00A7AF20 /* AppDelegate.swift in Sources */ = {isa = PBXBuildFile; fileRef = 4C956ABD281C262D00A7AF20 /* AppDelegate.swift */; };
		4C956AC0281C262D00A7AF20 /* SceneDelegate.swift in Sources */ = {isa = PBXBuildFile; fileRef = 4C956ABF281C262D00A7AF20 /* SceneDelegate.swift */; };
		4C956AC2281C262D00A7AF20 /* CSVHomeVC.swift in Sources */ = {isa = PBXBuildFile; fileRef = 4C956AC1281C262D00A7AF20 /* CSVHomeVC.swift */; };
		4C956AC7281C262F00A7AF20 /* Assets.xcassets in Resources */ = {isa = PBXBuildFile; fileRef = 4C956AC6281C262F00A7AF20 /* Assets.xcassets */; };
		4C956ACA281C262F00A7AF20 /* LaunchScreen.storyboard in Resources */ = {isa = PBXBuildFile; fileRef = 4C956AC8281C262F00A7AF20 /* LaunchScreen.storyboard */; };
		4C956AD5281C262F00A7AF20 /* CSVWithDITests.swift in Sources */ = {isa = PBXBuildFile; fileRef = 4C956AD4281C262F00A7AF20 /* CSVWithDITests.swift */; };
		4C956ADF281C262F00A7AF20 /* CSVWithDIUITests.swift in Sources */ = {isa = PBXBuildFile; fileRef = 4C956ADE281C262F00A7AF20 /* CSVWithDIUITests.swift */; };
		4C956AE1281C262F00A7AF20 /* CSVWithDIUITestsLaunchTests.swift in Sources */ = {isa = PBXBuildFile; fileRef = 4C956AE0281C262F00A7AF20 /* CSVWithDIUITestsLaunchTests.swift */; };
		4C956AEE281C267C00A7AF20 /* UserTableViewCell.swift in Sources */ = {isa = PBXBuildFile; fileRef = 4C956AED281C267C00A7AF20 /* UserTableViewCell.swift */; };
		4C956AF0281C269400A7AF20 /* CSVHomeViewModel.swift in Sources */ = {isa = PBXBuildFile; fileRef = 4C956AEF281C269400A7AF20 /* CSVHomeViewModel.swift */; };
		4C956AF2281C284600A7AF20 /* Constants.swift in Sources */ = {isa = PBXBuildFile; fileRef = 4C956AF1281C284600A7AF20 /* Constants.swift */; };
		4C956AF4281C286200A7AF20 /* CSVReadUtil.swift in Sources */ = {isa = PBXBuildFile; fileRef = 4C956AF3281C286200A7AF20 /* CSVReadUtil.swift */; };
		4C956AF6281C287A00A7AF20 /* Extensions.swift in Sources */ = {isa = PBXBuildFile; fileRef = 4C956AF5281C287A00A7AF20 /* Extensions.swift */; };
/* End PBXBuildFile section */

/* Begin PBXContainerItemProxy section */
		4C956AD1281C262F00A7AF20 /* PBXContainerItemProxy */ = {
			isa = PBXContainerItemProxy;
			containerPortal = 4C956AB2281C262D00A7AF20 /* Project object */;
			proxyType = 1;
			remoteGlobalIDString = 4C956AB9281C262D00A7AF20;
			remoteInfo = CSVWithDI;
		};
		4C956ADB281C262F00A7AF20 /* PBXContainerItemProxy */ = {
			isa = PBXContainerItemProxy;
			containerPortal = 4C956AB2281C262D00A7AF20 /* Project object */;
			proxyType = 1;
			remoteGlobalIDString = 4C956AB9281C262D00A7AF20;
			remoteInfo = CSVWithDI;
		};
/* End PBXContainerItemProxy section */

/* Begin PBXFileReference section */
		4C8CE5EF282024D700018966 /* issues.csv */ = {isa = PBXFileReference; fileEncoding = 4; lastKnownFileType = text; path = issues.csv; sourceTree = "<group>"; };
		4C956ABA281C262D00A7AF20 /* CSVWithDI.app */ = {isa = PBXFileReference; explicitFileType = wrapper.application; includeInIndex = 0; path = CSVWithDI.app; sourceTree = BUILT_PRODUCTS_DIR; };
		4C956ABD281C262D00A7AF20 /* AppDelegate.swift */ = {isa = PBXFileReference; lastKnownFileType = sourcecode.swift; path = AppDelegate.swift; sourceTree = "<group>"; };
		4C956ABF281C262D00A7AF20 /* SceneDelegate.swift */ = {isa = PBXFileReference; lastKnownFileType = sourcecode.swift; path = SceneDelegate.swift; sourceTree = "<group>"; };
		4C956AC1281C262D00A7AF20 /* CSVHomeVC.swift */ = {isa = PBXFileReference; lastKnownFileType = sourcecode.swift; path = CSVHomeVC.swift; sourceTree = "<group>"; };
		4C956AC6281C262F00A7AF20 /* Assets.xcassets */ = {isa = PBXFileReference; lastKnownFileType = folder.assetcatalog; path = Assets.xcassets; sourceTree = "<group>"; };
		4C956AC9281C262F00A7AF20 /* Base */ = {isa = PBXFileReference; lastKnownFileType = file.storyboard; name = Base; path = Base.lproj/LaunchScreen.storyboard; sourceTree = "<group>"; };
		4C956ACB281C262F00A7AF20 /* Info.plist */ = {isa = PBXFileReference; lastKnownFileType = text.plist.xml; path = Info.plist; sourceTree = "<group>"; };
		4C956AD0281C262F00A7AF20 /* CSVWithDITests.xctest */ = {isa = PBXFileReference; explicitFileType = wrapper.cfbundle; includeInIndex = 0; path = CSVWithDITests.xctest; sourceTree = BUILT_PRODUCTS_DIR; };
		4C956AD4281C262F00A7AF20 /* CSVWithDITests.swift */ = {isa = PBXFileReference; lastKnownFileType = sourcecode.swift; path = CSVWithDITests.swift; sourceTree = "<group>"; };
		4C956ADA281C262F00A7AF20 /* CSVWithDIUITests.xctest */ = {isa = PBXFileReference; explicitFileType = wrapper.cfbundle; includeInIndex = 0; path = CSVWithDIUITests.xctest; sourceTree = BUILT_PRODUCTS_DIR; };
		4C956ADE281C262F00A7AF20 /* CSVWithDIUITests.swift */ = {isa = PBXFileReference; lastKnownFileType = sourcecode.swift; path = CSVWithDIUITests.swift; sourceTree = "<group>"; };
		4C956AE0281C262F00A7AF20 /* CSVWithDIUITestsLaunchTests.swift */ = {isa = PBXFileReference; lastKnownFileType = sourcecode.swift; path = CSVWithDIUITestsLaunchTests.swift; sourceTree = "<group>"; };
		4C956AED281C267C00A7AF20 /* UserTableViewCell.swift */ = {isa = PBXFileReference; lastKnownFileType = sourcecode.swift; path = UserTableViewCell.swift; sourceTree = "<group>"; };
		4C956AEF281C269400A7AF20 /* CSVHomeViewModel.swift */ = {isa = PBXFileReference; lastKnownFileType = sourcecode.swift; path = CSVHomeViewModel.swift; sourceTree = "<group>"; };
		4C956AF1281C284600A7AF20 /* Constants.swift */ = {isa = PBXFileReference; lastKnownFileType = sourcecode.swift; path = Constants.swift; sourceTree = "<group>"; };
		4C956AF3281C286200A7AF20 /* CSVReadUtil.swift */ = {isa = PBXFileReference; lastKnownFileType = sourcecode.swift; path = CSVReadUtil.swift; sourceTree = "<group>"; };
		4C956AF5281C287A00A7AF20 /* Extensions.swift */ = {isa = PBXFileReference; lastKnownFileType = sourcecode.swift; path = Extensions.swift; sourceTree = "<group>"; };
/* End PBXFileReference section */

/* Begin PBXFrameworksBuildPhase section */
		4C956AB7281C262D00A7AF20 /* Frameworks */ = {
			isa = PBXFrameworksBuildPhase;
			buildActionMask = 2147483647;
			files = (
			);
			runOnlyForDeploymentPostprocessing = 0;
		};
		4C956ACD281C262F00A7AF20 /* Frameworks */ = {
			isa = PBXFrameworksBuildPhase;
			buildActionMask = 2147483647;
			files = (
			);
			runOnlyForDeploymentPostprocessing = 0;
		};
		4C956AD7281C262F00A7AF20 /* Frameworks */ = {
			isa = PBXFrameworksBuildPhase;
			buildActionMask = 2147483647;
			files = (
			);
			runOnlyForDeploymentPostprocessing = 0;
		};
/* End PBXFrameworksBuildPhase section */

/* Begin PBXGroup section */
		4C956AB1281C262D00A7AF20 = {
			isa = PBXGroup;
			children = (
				4C956ABC281C262D00A7AF20 /* CSVWithDI */,
				4C956AD3281C262F00A7AF20 /* CSVWithDITests */,
				4C956ADD281C262F00A7AF20 /* CSVWithDIUITests */,
				4C956ABB281C262D00A7AF20 /* Products */,
			);
			sourceTree = "<group>";
		};
		4C956ABB281C262D00A7AF20 /* Products */ = {
			isa = PBXGroup;
			children = (
				4C956ABA281C262D00A7AF20 /* CSVWithDI.app */,
				4C956AD0281C262F00A7AF20 /* CSVWithDITests.xctest */,
				4C956ADA281C262F00A7AF20 /* CSVWithDIUITests.xctest */,
			);
			name = Products;
			sourceTree = "<group>";
		};
		4C956ABC281C262D00A7AF20 /* CSVWithDI */ = {
			isa = PBXGroup;
			children = (
				4C956ABD281C262D00A7AF20 /* AppDelegate.swift */,
				4C956ABF281C262D00A7AF20 /* SceneDelegate.swift */,
				4C956AC1281C262D00A7AF20 /* CSVHomeVC.swift */,
				4C956AED281C267C00A7AF20 /* UserTableViewCell.swift */,
				4C956AEF281C269400A7AF20 /* CSVHomeViewModel.swift */,
				4C956AF3281C286200A7AF20 /* CSVReadUtil.swift */,
				4C956AF5281C287A00A7AF20 /* Extensions.swift */,
				4C956AF1281C284600A7AF20 /* Constants.swift */,
				4C956AC6281C262F00A7AF20 /* Assets.xcassets */,
				4C956AC8281C262F00A7AF20 /* LaunchScreen.storyboard */,
				4C956ACB281C262F00A7AF20 /* Info.plist */,
				4C8CE5EF282024D700018966 /* issues.csv */,
			);
			path = CSVWithDI;
			sourceTree = "<group>";
		};
		4C956AD3281C262F00A7AF20 /* CSVWithDITests */ = {
			isa = PBXGroup;
			children = (
				4C956AD4281C262F00A7AF20 /* CSVWithDITests.swift */,
			);
			path = CSVWithDITests;
			sourceTree = "<group>";
		};
		4C956ADD281C262F00A7AF20 /* CSVWithDIUITests */ = {
			isa = PBXGroup;
			children = (
				4C956ADE281C262F00A7AF20 /* CSVWithDIUITests.swift */,
				4C956AE0281C262F00A7AF20 /* CSVWithDIUITestsLaunchTests.swift */,
			);
			path = CSVWithDIUITests;
			sourceTree = "<group>";
		};
/* End PBXGroup section */

/* Begin PBXNativeTarget section */
		4C956AB9281C262D00A7AF20 /* CSVWithDI */ = {
			isa = PBXNativeTarget;
			buildConfigurationList = 4C956AE4281C262F00A7AF20 /* Build configuration list for PBXNativeTarget "CSVWithDI" */;
			buildPhases = (
				4C956AB6281C262D00A7AF20 /* Sources */,
				4C956AB7281C262D00A7AF20 /* Frameworks */,
				4C956AB8281C262D00A7AF20 /* Resources */,
			);
			buildRules = (
			);
			dependencies = (
			);
			name = CSVWithDI;
			productName = CSVWithDI;
			productReference = 4C956ABA281C262D00A7AF20 /* CSVWithDI.app */;
			productType = "com.apple.product-type.application";
		};
		4C956ACF281C262F00A7AF20 /* CSVWithDITests */ = {
			isa = PBXNativeTarget;
			buildConfigurationList = 4C956AE7281C262F00A7AF20 /* Build configuration list for PBXNativeTarget "CSVWithDITests" */;
			buildPhases = (
				4C956ACC281C262F00A7AF20 /* Sources */,
				4C956ACD281C262F00A7AF20 /* Frameworks */,
				4C956ACE281C262F00A7AF20 /* Resources */,
			);
			buildRules = (
			);
			dependencies = (
				4C956AD2281C262F00A7AF20 /* PBXTargetDependency */,
			);
			name = CSVWithDITests;
			productName = CSVWithDITests;
			productReference = 4C956AD0281C262F00A7AF20 /* CSVWithDITests.xctest */;
			productType = "com.apple.product-type.bundle.unit-test";
		};
		4C956AD9281C262F00A7AF20 /* CSVWithDIUITests */ = {
			isa = PBXNativeTarget;
			buildConfigurationList = 4C956AEA281C262F00A7AF20 /* Build configuration list for PBXNativeTarget "CSVWithDIUITests" */;
			buildPhases = (
				4C956AD6281C262F00A7AF20 /* Sources */,
				4C956AD7281C262F00A7AF20 /* Frameworks */,
				4C956AD8281C262F00A7AF20 /* Resources */,
			);
			buildRules = (
			);
			dependencies = (
				4C956ADC281C262F00A7AF20 /* PBXTargetDependency */,
			);
			name = CSVWithDIUITests;
			productName = CSVWithDIUITests;
			productReference = 4C956ADA281C262F00A7AF20 /* CSVWithDIUITests.xctest */;
			productType = "com.apple.product-type.bundle.ui-testing";
		};
/* End PBXNativeTarget section */

/* Begin PBXProject section */
		4C956AB2281C262D00A7AF20 /* Project object */ = {
			isa = PBXProject;
			attributes = {
				BuildIndependentTargetsInParallel = 1;
				LastSwiftUpdateCheck = 1320;
				LastUpgradeCheck = 1320;
				TargetAttributes = {
					4C956AB9281C262D00A7AF20 = {
						CreatedOnToolsVersion = 13.2.1;
					};
					4C956ACF281C262F00A7AF20 = {
						CreatedOnToolsVersion = 13.2.1;
						TestTargetID = 4C956AB9281C262D00A7AF20;
					};
					4C956AD9281C262F00A7AF20 = {
						CreatedOnToolsVersion = 13.2.1;
						TestTargetID = 4C956AB9281C262D00A7AF20;
					};
				};
			};
			buildConfigurationList = 4C956AB5281C262D00A7AF20 /* Build configuration list for PBXProject "CSVWithDI" */;
			compatibilityVersion = "Xcode 13.0";
			developmentRegion = en;
			hasScannedForEncodings = 0;
			knownRegions = (
				en,
				Base,
			);
			mainGroup = 4C956AB1281C262D00A7AF20;
			productRefGroup = 4C956ABB281C262D00A7AF20 /* Products */;
			projectDirPath = "";
			projectRoot = "";
			targets = (
				4C956AB9281C262D00A7AF20 /* CSVWithDI */,
				4C956ACF281C262F00A7AF20 /* CSVWithDITests */,
				4C956AD9281C262F00A7AF20 /* CSVWithDIUITests */,
			);
		};
/* End PBXProject section */

/* Begin PBXResourcesBuildPhase section */
		4C956AB8281C262D00A7AF20 /* Resources */ = {
			isa = PBXResourcesBuildPhase;
			buildActionMask = 2147483647;
			files = (
				4C8CE5F0282024D700018966 /* issues.csv in Resources */,
				4C956ACA281C262F00A7AF20 /* LaunchScreen.storyboard in Resources */,
				4C956AC7281C262F00A7AF20 /* Assets.xcassets in Resources */,
			);
			runOnlyForDeploymentPostprocessing = 0;
		};
		4C956ACE281C262F00A7AF20 /* Resources */ = {
			isa = PBXResourcesBuildPhase;
			buildActionMask = 2147483647;
			files = (
			);
			runOnlyForDeploymentPostprocessing = 0;
		};
		4C956AD8281C262F00A7AF20 /* Resources */ = {
			isa = PBXResourcesBuildPhase;
			buildActionMask = 2147483647;
			files = (
			);
			runOnlyForDeploymentPostprocessing = 0;
		};
/* End PBXResourcesBuildPhase section */

/* Begin PBXSourcesBuildPhase section */
		4C956AB6281C262D00A7AF20 /* Sources */ = {
			isa = PBXSourcesBuildPhase;
			buildActionMask = 2147483647;
			files = (
				4C956AEE281C267C00A7AF20 /* UserTableViewCell.swift in Sources */,
				4C956AF0281C269400A7AF20 /* CSVHomeViewModel.swift in Sources */,
				4C956AC2281C262D00A7AF20 /* CSVHomeVC.swift in Sources */,
				4C956AF6281C287A00A7AF20 /* Extensions.swift in Sources */,
				4C956ABE281C262D00A7AF20 /* AppDelegate.swift in Sources */,
				4C956AC0281C262D00A7AF20 /* SceneDelegate.swift in Sources */,
				4C956AF4281C286200A7AF20 /* CSVReadUtil.swift in Sources */,
				4C956AF2281C284600A7AF20 /* Constants.swift in Sources */,
			);
			runOnlyForDeploymentPostprocessing = 0;
		};
		4C956ACC281C262F00A7AF20 /* Sources */ = {
			isa = PBXSourcesBuildPhase;
			buildActionMask = 2147483647;
			files = (
				4C956AD5281C262F00A7AF20 /* CSVWithDITests.swift in Sources */,
			);
			runOnlyForDeploymentPostprocessing = 0;
		};
		4C956AD6281C262F00A7AF20 /* Sources */ = {
			isa = PBXSourcesBuildPhase;
			buildActionMask = 2147483647;
			files = (
				4C956AE1281C262F00A7AF20 /* CSVWithDIUITestsLaunchTests.swift in Sources */,
				4C956ADF281C262F00A7AF20 /* CSVWithDIUITests.swift in Sources */,
			);
			runOnlyForDeploymentPostprocessing = 0;
		};
/* End PBXSourcesBuildPhase section */

/* Begin PBXTargetDependency section */
		4C956AD2281C262F00A7AF20 /* PBXTargetDependency */ = {
			isa = PBXTargetDependency;
			target = 4C956AB9281C262D00A7AF20 /* CSVWithDI */;
			targetProxy = 4C956AD1281C262F00A7AF20 /* PBXContainerItemProxy */;
		};
		4C956ADC281C262F00A7AF20 /* PBXTargetDependency */ = {
			isa = PBXTargetDependency;
			target = 4C956AB9281C262D00A7AF20 /* CSVWithDI */;
			targetProxy = 4C956ADB281C262F00A7AF20 /* PBXContainerItemProxy */;
		};
/* End PBXTargetDependency section */

/* Begin PBXVariantGroup section */
		4C956AC8281C262F00A7AF20 /* LaunchScreen.storyboard */ = {
			isa = PBXVariantGroup;
			children = (
				4C956AC9281C262F00A7AF20 /* Base */,
			);
			name = LaunchScreen.storyboard;
			sourceTree = "<group>";
		};
/* End PBXVariantGroup section */

/* Begin XCBuildConfiguration section */
		4C956AE2281C262F00A7AF20 /* Debug */ = {
			isa = XCBuildConfiguration;
			buildSettings = {
				ALWAYS_SEARCH_USER_PATHS = NO;
				CLANG_ANALYZER_NONNULL = YES;
				CLANG_ANALYZER_NUMBER_OBJECT_CONVERSION = YES_AGGRESSIVE;
				CLANG_CXX_LANGUAGE_STANDARD = "gnu++17";
				CLANG_CXX_LIBRARY = "libc++";
				CLANG_ENABLE_MODULES = YES;
				CLANG_ENABLE_OBJC_ARC = YES;
				CLANG_ENABLE_OBJC_WEAK = YES;
				CLANG_WARN_BLOCK_CAPTURE_AUTORELEASING = YES;
				CLANG_WARN_BOOL_CONVERSION = YES;
				CLANG_WARN_COMMA = YES;
				CLANG_WARN_CONSTANT_CONVERSION = YES;
				CLANG_WARN_DEPRECATED_OBJC_IMPLEMENTATIONS = YES;
				CLANG_WARN_DIRECT_OBJC_ISA_USAGE = YES_ERROR;
				CLANG_WARN_DOCUMENTATION_COMMENTS = YES;
				CLANG_WARN_EMPTY_BODY = YES;
				CLANG_WARN_ENUM_CONVERSION = YES;
				CLANG_WARN_INFINITE_RECURSION = YES;
				CLANG_WARN_INT_CONVERSION = YES;
				CLANG_WARN_NON_LITERAL_NULL_CONVERSION = YES;
				CLANG_WARN_OBJC_IMPLICIT_RETAIN_SELF = YES;
				CLANG_WARN_OBJC_LITERAL_CONVERSION = YES;
				CLANG_WARN_OBJC_ROOT_CLASS = YES_ERROR;
				CLANG_WARN_QUOTED_INCLUDE_IN_FRAMEWORK_HEADER = YES;
				CLANG_WARN_RANGE_LOOP_ANALYSIS = YES;
				CLANG_WARN_STRICT_PROTOTYPES = YES;
				CLANG_WARN_SUSPICIOUS_MOVE = YES;
				CLANG_WARN_UNGUARDED_AVAILABILITY = YES_AGGRESSIVE;
				CLANG_WARN_UNREACHABLE_CODE = YES;
				CLANG_WARN__DUPLICATE_METHOD_MATCH = YES;
				COPY_PHASE_STRIP = NO;
				DEBUG_INFORMATION_FORMAT = dwarf;
				ENABLE_STRICT_OBJC_MSGSEND = YES;
				ENABLE_TESTABILITY = YES;
				GCC_C_LANGUAGE_STANDARD = gnu11;
				GCC_DYNAMIC_NO_PIC = NO;
				GCC_NO_COMMON_BLOCKS = YES;
				GCC_OPTIMIZATION_LEVEL = 0;
				GCC_PREPROCESSOR_DEFINITIONS = (
					"DEBUG=1",
					"$(inherited)",
				);
				GCC_WARN_64_TO_32_BIT_CONVERSION = YES;
				GCC_WARN_ABOUT_RETURN_TYPE = YES_ERROR;
				GCC_WARN_UNDECLARED_SELECTOR = YES;
				GCC_WARN_UNINITIALIZED_AUTOS = YES_AGGRESSIVE;
				GCC_WARN_UNUSED_FUNCTION = YES;
				GCC_WARN_UNUSED_VARIABLE = YES;
				IPHONEOS_DEPLOYMENT_TARGET = 15.2;
				MTL_ENABLE_DEBUG_INFO = INCLUDE_SOURCE;
				MTL_FAST_MATH = YES;
				ONLY_ACTIVE_ARCH = YES;
				SDKROOT = iphoneos;
				SWIFT_ACTIVE_COMPILATION_CONDITIONS = DEBUG;
				SWIFT_OPTIMIZATION_LEVEL = "-Onone";
			};
			name = Debug;
		};
		4C956AE3281C262F00A7AF20 /* Release */ = {
			isa = XCBuildConfiguration;
			buildSettings = {
				ALWAYS_SEARCH_USER_PATHS = NO;
				CLANG_ANALYZER_NONNULL = YES;
				CLANG_ANALYZER_NUMBER_OBJECT_CONVERSION = YES_AGGRESSIVE;
				CLANG_CXX_LANGUAGE_STANDARD = "gnu++17";
				CLANG_CXX_LIBRARY = "libc++";
				CLANG_ENABLE_MODULES = YES;
				CLANG_ENABLE_OBJC_ARC = YES;
				CLANG_ENABLE_OBJC_WEAK = YES;
				CLANG_WARN_BLOCK_CAPTURE_AUTORELEASING = YES;
				CLANG_WARN_BOOL_CONVERSION = YES;
				CLANG_WARN_COMMA = YES;
				CLANG_WARN_CONSTANT_CONVERSION = YES;
				CLANG_WARN_DEPRECATED_OBJC_IMPLEMENTATIONS = YES;
				CLANG_WARN_DIRECT_OBJC_ISA_USAGE = YES_ERROR;
				CLANG_WARN_DOCUMENTATION_COMMENTS = YES;
				CLANG_WARN_EMPTY_BODY = YES;
				CLANG_WARN_ENUM_CONVERSION = YES;
				CLANG_WARN_INFINITE_RECURSION = YES;
				CLANG_WARN_INT_CONVERSION = YES;
				CLANG_WARN_NON_LITERAL_NULL_CONVERSION = YES;
				CLANG_WARN_OBJC_IMPLICIT_RETAIN_SELF = YES;
				CLANG_WARN_OBJC_LITERAL_CONVERSION = YES;
				CLANG_WARN_OBJC_ROOT_CLASS = YES_ERROR;
				CLANG_WARN_QUOTED_INCLUDE_IN_FRAMEWORK_HEADER = YES;
				CLANG_WARN_RANGE_LOOP_ANALYSIS = YES;
				CLANG_WARN_STRICT_PROTOTYPES = YES;
				CLANG_WARN_SUSPICIOUS_MOVE = YES;
				CLANG_WARN_UNGUARDED_AVAILABILITY = YES_AGGRESSIVE;
				CLANG_WARN_UNREACHABLE_CODE = YES;
				CLANG_WARN__DUPLICATE_METHOD_MATCH = YES;
				COPY_PHASE_STRIP = NO;
				DEBUG_INFORMATION_FORMAT = "dwarf-with-dsym";
				ENABLE_NS_ASSERTIONS = NO;
				ENABLE_STRICT_OBJC_MSGSEND = YES;
				GCC_C_LANGUAGE_STANDARD = gnu11;
				GCC_NO_COMMON_BLOCKS = YES;
				GCC_WARN_64_TO_32_BIT_CONVERSION = YES;
				GCC_WARN_ABOUT_RETURN_TYPE = YES_ERROR;
				GCC_WARN_UNDECLARED_SELECTOR = YES;
				GCC_WARN_UNINITIALIZED_AUTOS = YES_AGGRESSIVE;
				GCC_WARN_UNUSED_FUNCTION = YES;
				GCC_WARN_UNUSED_VARIABLE = YES;
				IPHONEOS_DEPLOYMENT_TARGET = 15.2;
				MTL_ENABLE_DEBUG_INFO = NO;
				MTL_FAST_MATH = YES;
				SDKROOT = iphoneos;
				SWIFT_COMPILATION_MODE = wholemodule;
				SWIFT_OPTIMIZATION_LEVEL = "-O";
				VALIDATE_PRODUCT = YES;
			};
			name = Release;
		};
		4C956AE5281C262F00A7AF20 /* Debug */ = {
			isa = XCBuildConfiguration;
			buildSettings = {
				ASSETCATALOG_COMPILER_APPICON_NAME = AppIcon;
				ASSETCATALOG_COMPILER_GLOBAL_ACCENT_COLOR_NAME = AccentColor;
				CODE_SIGN_STYLE = Automatic;
				CURRENT_PROJECT_VERSION = 1;
				DEVELOPMENT_TEAM = B867676ZW9;
				GENERATE_INFOPLIST_FILE = YES;
				INFOPLIST_FILE = CSVWithDI/Info.plist;
				INFOPLIST_KEY_UIApplicationSupportsIndirectInputEvents = YES;
				INFOPLIST_KEY_UILaunchStoryboardName = LaunchScreen;
				INFOPLIST_KEY_UISupportedInterfaceOrientations_iPad = "UIInterfaceOrientationPortrait UIInterfaceOrientationPortraitUpsideDown UIInterfaceOrientationLandscapeLeft UIInterfaceOrientationLandscapeRight";
				INFOPLIST_KEY_UISupportedInterfaceOrientations_iPhone = "UIInterfaceOrientationPortrait UIInterfaceOrientationLandscapeLeft UIInterfaceOrientationLandscapeRight";
				LD_RUNPATH_SEARCH_PATHS = (
					"$(inherited)",
					"@executable_path/Frameworks",
				);
				MARKETING_VERSION = 1.0;
				PRODUCT_BUNDLE_IDENTIFIER = tech.apple.CSVWithDI;
				PRODUCT_NAME = "$(TARGET_NAME)";
				SWIFT_EMIT_LOC_STRINGS = YES;
				SWIFT_VERSION = 5.0;
				TARGETED_DEVICE_FAMILY = "1,2";
			};
			name = Debug;
		};
		4C956AE6281C262F00A7AF20 /* Release */ = {
			isa = XCBuildConfiguration;
			buildSettings = {
				ASSETCATALOG_COMPILER_APPICON_NAME = AppIcon;
				ASSETCATALOG_COMPILER_GLOBAL_ACCENT_COLOR_NAME = AccentColor;
				CODE_SIGN_STYLE = Automatic;
				CURRENT_PROJECT_VERSION = 1;
				DEVELOPMENT_TEAM = B867676ZW9;
				GENERATE_INFOPLIST_FILE = YES;
				INFOPLIST_FILE = CSVWithDI/Info.plist;
				INFOPLIST_KEY_UIApplicationSupportsIndirectInputEvents = YES;
				INFOPLIST_KEY_UILaunchStoryboardName = LaunchScreen;
				INFOPLIST_KEY_UISupportedInterfaceOrientations_iPad = "UIInterfaceOrientationPortrait UIInterfaceOrientationPortraitUpsideDown UIInterfaceOrientationLandscapeLeft UIInterfaceOrientationLandscapeRight";
				INFOPLIST_KEY_UISupportedInterfaceOrientations_iPhone = "UIInterfaceOrientationPortrait UIInterfaceOrientationLandscapeLeft UIInterfaceOrientationLandscapeRight";
				LD_RUNPATH_SEARCH_PATHS = (
					"$(inherited)",
					"@executable_path/Frameworks",
				);
				MARKETING_VERSION = 1.0;
				PRODUCT_BUNDLE_IDENTIFIER = tech.apple.CSVWithDI;
				PRODUCT_NAME = "$(TARGET_NAME)";
				SWIFT_EMIT_LOC_STRINGS = YES;
				SWIFT_VERSION = 5.0;
				TARGETED_DEVICE_FAMILY = "1,2";
			};
			name = Release;
		};
		4C956AE8281C262F00A7AF20 /* Debug */ = {
			isa = XCBuildConfiguration;
			buildSettings = {
				ALWAYS_EMBED_SWIFT_STANDARD_LIBRARIES = YES;
				BUNDLE_LOADER = "$(TEST_HOST)";
				CODE_SIGN_STYLE = Automatic;
				CURRENT_PROJECT_VERSION = 1;
				DEVELOPMENT_TEAM = B867676ZW9;
				GENERATE_INFOPLIST_FILE = YES;
				IPHONEOS_DEPLOYMENT_TARGET = 15.2;
				MARKETING_VERSION = 1.0;
				PRODUCT_BUNDLE_IDENTIFIER = tech.apple.CSVWithDITests;
				PRODUCT_NAME = "$(TARGET_NAME)";
				SWIFT_EMIT_LOC_STRINGS = NO;
				SWIFT_VERSION = 5.0;
				TARGETED_DEVICE_FAMILY = "1,2";
				TEST_HOST = "$(BUILT_PRODUCTS_DIR)/CSVWithDI.app/CSVWithDI";
			};
			name = Debug;
		};
		4C956AE9281C262F00A7AF20 /* Release */ = {
			isa = XCBuildConfiguration;
			buildSettings = {
				ALWAYS_EMBED_SWIFT_STANDARD_LIBRARIES = YES;
				BUNDLE_LOADER = "$(TEST_HOST)";
				CODE_SIGN_STYLE = Automatic;
				CURRENT_PROJECT_VERSION = 1;
				DEVELOPMENT_TEAM = B867676ZW9;
				GENERATE_INFOPLIST_FILE = YES;
				IPHONEOS_DEPLOYMENT_TARGET = 15.2;
				MARKETING_VERSION = 1.0;
				PRODUCT_BUNDLE_IDENTIFIER = tech.apple.CSVWithDITests;
				PRODUCT_NAME = "$(TARGET_NAME)";
				SWIFT_EMIT_LOC_STRINGS = NO;
				SWIFT_VERSION = 5.0;
				TARGETED_DEVICE_FAMILY = "1,2";
				TEST_HOST = "$(BUILT_PRODUCTS_DIR)/CSVWithDI.app/CSVWithDI";
			};
			name = Release;
		};
		4C956AEB281C262F00A7AF20 /* Debug */ = {
			isa = XCBuildConfiguration;
			buildSettings = {
				ALWAYS_EMBED_SWIFT_STANDARD_LIBRARIES = YES;
				CODE_SIGN_STYLE = Automatic;
				CURRENT_PROJECT_VERSION = 1;
				DEVELOPMENT_TEAM = B867676ZW9;
				GENERATE_INFOPLIST_FILE = YES;
				MARKETING_VERSION = 1.0;
				PRODUCT_BUNDLE_IDENTIFIER = tech.apple.CSVWithDIUITests;
				PRODUCT_NAME = "$(TARGET_NAME)";
				SWIFT_EMIT_LOC_STRINGS = NO;
				SWIFT_VERSION = 5.0;
				TARGETED_DEVICE_FAMILY = "1,2";
				TEST_TARGET_NAME = CSVWithDI;
			};
			name = Debug;
		};
		4C956AEC281C262F00A7AF20 /* Release */ = {
			isa = XCBuildConfiguration;
			buildSettings = {
				ALWAYS_EMBED_SWIFT_STANDARD_LIBRARIES = YES;
				CODE_SIGN_STYLE = Automatic;
				CURRENT_PROJECT_VERSION = 1;
				DEVELOPMENT_TEAM = B867676ZW9;
				GENERATE_INFOPLIST_FILE = YES;
				MARKETING_VERSION = 1.0;
				PRODUCT_BUNDLE_IDENTIFIER = tech.apple.CSVWithDIUITests;
				PRODUCT_NAME = "$(TARGET_NAME)";
				SWIFT_EMIT_LOC_STRINGS = NO;
				SWIFT_VERSION = 5.0;
				TARGETED_DEVICE_FAMILY = "1,2";
				TEST_TARGET_NAME = CSVWithDI;
			};
			name = Release;
		};
/* End XCBuildConfiguration section */

/* Begin XCConfigurationList section */
		4C956AB5281C262D00A7AF20 /* Build configuration list for PBXProject "CSVWithDI" */ = {
			isa = XCConfigurationList;
			buildConfigurations = (
				4C956AE2281C262F00A7AF20 /* Debug */,
				4C956AE3281C262F00A7AF20 /* Release */,
			);
			defaultConfigurationIsVisible = 0;
			defaultConfigurationName = Release;
		};
		4C956AE4281C262F00A7AF20 /* Build configuration list for PBXNativeTarget "CSVWithDI" */ = {
			isa = XCConfigurationList;
			buildConfigurations = (
				4C956AE5281C262F00A7AF20 /* Debug */,
				4C956AE6281C262F00A7AF20 /* Release */,
			);
			defaultConfigurationIsVisible = 0;
			defaultConfigurationName = Release;
		};
		4C956AE7281C262F00A7AF20 /* Build configuration list for PBXNativeTarget "CSVWithDITests" */ = {
			isa = XCConfigurationList;
			buildConfigurations = (
				4C956AE8281C262F00A7AF20 /* Debug */,
				4C956AE9281C262F00A7AF20 /* Release */,
			);
			defaultConfigurationIsVisible = 0;
			defaultConfigurationName = Release;
		};
		4C956AEA281C262F00A7AF20 /* Build configuration list for PBXNativeTarget "CSVWithDIUITests" */ = {
			isa = XCConfigurationList;
			buildConfigurations = (
				4C956AEB281C262F00A7AF20 /* Debug */,
				4C956AEC281C262F00A7AF20 /* Release */,
			);
			defaultConfigurationIsVisible = 0;
			defaultConfigurationName = Release;
		};
/* End XCConfigurationList section */
	};
	rootObject = 4C956AB2281C262D00A7AF20 /* Project object */;
}
